// !$*UTF8*$!
{
	archiveVersion = 1;
	classes = {
	};
	objectVersion = 77;
	objects = {

/* Begin PBXBuildFile section */
		1299F05E249A6F32EA5CF444 /* FeedView.swift in Sources */ = {isa = PBXBuildFile; fileRef = 99346C351DF86CB41A03E4B8 /* FeedView.swift */; };
		1D1347DFA9757801E3EA262D /* AppConfiguration.swift in Sources */ = {isa = PBXBuildFile; fileRef = 8299FF108209968CB41CB354 /* AppConfiguration.swift */; };
		5813EBAB0ACE64FE6BE6D241 /* APIClient.swift in Sources */ = {isa = PBXBuildFile; fileRef = 8EA0F80F45B7BCD10A2B89DD /* APIClient.swift */; };
		62552B3EB304617A7069E784 /* LoginView.swift in Sources */ = {isa = PBXBuildFile; fileRef = 3E41F91BB3AD1A6182DC5C6E /* LoginView.swift */; };
		87BA130F433942129D3482DA /* KeychainStore.swift in Sources */ = {isa = PBXBuildFile; fileRef = AD852EDEE1993AD279634F00 /* KeychainStore.swift */; };
		8FC648B402AC2B57CDBFA940 /* SessionStore.swift in Sources */ = {isa = PBXBuildFile; fileRef = 778168F60F211241852312B4 /* SessionStore.swift */; };
		948635C12A08C7E5E5393715 /* Models.swift in Sources */ = {isa = PBXBuildFile; fileRef = 5DDBB30FA9942279641EE62F /* Models.swift */; };
		995AA530FC3613C7AE37687C /* GanamosApp.swift in Sources */ = {isa = PBXBuildFile; fileRef = 59A6AF0F120E7D85787CC547 /* GanamosApp.swift */; };
		99F86616D6C431D457A53765 /* Assets.xcassets in Resources */ = {isa = PBXBuildFile; fileRef = 4AE6EBF79EE8648AFE8B15D5 /* Assets.xcassets */; };
		A1DF72880BD007BBD80AD426 /* RootView.swift in Sources */ = {isa = PBXBuildFile; fileRef = 13252AE3EB92C6090E30652A /* RootView.swift */; };
		C095935130AFD1C235240063 /* AppConfigurationTests.swift in Sources */ = {isa = PBXBuildFile; fileRef = 6FD3F17F13AC0751A3607265 /* AppConfigurationTests.swift */; };
		ED08792AB5F498AF7F1DCBBC /* FeatureViews.swift in Sources */ = {isa = PBXBuildFile; fileRef = 66901815C87EF5036DF3603D /* FeatureViews.swift */; };
		FB87B3FF7060012897027C19 /* DesignSystem.swift in Sources */ = {isa = PBXBuildFile; fileRef = FC9194ECB0998EAB5E27A0E2 /* DesignSystem.swift */; };
/* End PBXBuildFile section */

/* Begin PBXContainerItemProxy section */
		4AADF3600C4E9525FAD6BF27 /* PBXContainerItemProxy */ = {
			isa = PBXContainerItemProxy;
			containerPortal = 89D3BFBB6A66B3267FD84BC0 /* Project object */;
			proxyType = 1;
			remoteGlobalIDString = C19BD44D3DF52BF75544CE4A;
			remoteInfo = Ganamos;
		};
/* End PBXContainerItemProxy section */

/* Begin PBXFileReference section */
		13252AE3EB92C6090E30652A /* RootView.swift */ = {isa = PBXFileReference; lastKnownFileType = sourcecode.swift; path = RootView.swift; sourceTree = "<group>"; };
		3E41F91BB3AD1A6182DC5C6E /* LoginView.swift */ = {isa = PBXFileReference; lastKnownFileType = sourcecode.swift; path = LoginView.swift; sourceTree = "<group>"; };
		4AE6EBF79EE8648AFE8B15D5 /* Assets.xcassets */ = {isa = PBXFileReference; lastKnownFileType = folder.assetcatalog; path = Assets.xcassets; sourceTree = "<group>"; };
		59A6AF0F120E7D85787CC547 /* GanamosApp.swift */ = {isa = PBXFileReference; lastKnownFileType = sourcecode.swift; path = GanamosApp.swift; sourceTree = "<group>"; };
		5DDBB30FA9942279641EE62F /* Models.swift */ = {isa = PBXFileReference; lastKnownFileType = sourcecode.swift; path = Models.swift; sourceTree = "<group>"; };
		66901815C87EF5036DF3603D /* FeatureViews.swift */ = {isa = PBXFileReference; lastKnownFileType = sourcecode.swift; path = FeatureViews.swift; sourceTree = "<group>"; };
		6FD3F17F13AC0751A3607265 /* AppConfigurationTests.swift */ = {isa = PBXFileReference; lastKnownFileType = sourcecode.swift; path = AppConfigurationTests.swift; sourceTree = "<group>"; };
		778168F60F211241852312B4 /* SessionStore.swift */ = {isa = PBXFileReference; lastKnownFileType = sourcecode.swift; path = SessionStore.swift; sourceTree = "<group>"; };
		8299FF108209968CB41CB354 /* AppConfiguration.swift */ = {isa = PBXFileReference; lastKnownFileType = sourcecode.swift; path = AppConfiguration.swift; sourceTree = "<group>"; };
		8EA0F80F45B7BCD10A2B89DD /* APIClient.swift */ = {isa = PBXFileReference; lastKnownFileType = sourcecode.swift; path = APIClient.swift; sourceTree = "<group>"; };
		99346C351DF86CB41A03E4B8 /* FeedView.swift */ = {isa = PBXFileReference; lastKnownFileType = sourcecode.swift; path = FeedView.swift; sourceTree = "<group>"; };
		AD852EDEE1993AD279634F00 /* KeychainStore.swift */ = {isa = PBXFileReference; lastKnownFileType = sourcecode.swift; path = KeychainStore.swift; sourceTree = "<group>"; };
		D273201B8090BE20B5B8E362 /* Info.plist */ = {isa = PBXFileReference; lastKnownFileType = text.plist; path = Info.plist; sourceTree = "<group>"; };
		EC756DFA1CADCF43E53F6D46 /* GanamosTests.xctest */ = {isa = PBXFileReference; includeInIndex = 0; lastKnownFileType = wrapper.cfbundle; path = GanamosTests.xctest; sourceTree = BUILT_PRODUCTS_DIR; };
		ECBDD7FB98454CDD16C8CFAA /* Ganamos.app */ = {isa = PBXFileReference; includeInIndex = 0; lastKnownFileType = wrapper.application; path = Ganamos.app; sourceTree = BUILT_PRODUCTS_DIR; };
		EDB276D52B12F87FBF7E2CA9 /* Local.xcconfig */ = {isa = PBXFileReference; lastKnownFileType = text.xcconfig; path = Local.xcconfig; sourceTree = "<group>"; };
		FC9194ECB0998EAB5E27A0E2 /* DesignSystem.swift */ = {isa = PBXFileReference; lastKnownFileType = sourcecode.swift; path = DesignSystem.swift; sourceTree = "<group>"; };
/* End PBXFileReference section */

/* Begin PBXGroup section */
		11968FC60094BE89F1B8595A /* Sources */ = {
			isa = PBXGroup;
			children = (
				8EA0F80F45B7BCD10A2B89DD /* APIClient.swift */,
				8299FF108209968CB41CB354 /* AppConfiguration.swift */,
				FC9194ECB0998EAB5E27A0E2 /* DesignSystem.swift */,
				66901815C87EF5036DF3603D /* FeatureViews.swift */,
				99346C351DF86CB41A03E4B8 /* FeedView.swift */,
				59A6AF0F120E7D85787CC547 /* GanamosApp.swift */,
				D273201B8090BE20B5B8E362 /* Info.plist */,
				AD852EDEE1993AD279634F00 /* KeychainStore.swift */,
				3E41F91BB3AD1A6182DC5C6E /* LoginView.swift */,
				5DDBB30FA9942279641EE62F /* Models.swift */,
				13252AE3EB92C6090E30652A /* RootView.swift */,
				778168F60F211241852312B4 /* SessionStore.swift */,
			);
			path = Sources;
			sourceTree = "<group>";
		};
		1CFD8D59826DE43AADFF3DFC /* Tests */ = {
			isa = PBXGroup;
			children = (
				6FD3F17F13AC0751A3607265 /* AppConfigurationTests.swift */,
			);
			path = Tests;
			sourceTree = "<group>";
		};
		68B93E110770751045DBAB1B = {
			isa = PBXGroup;
			children = (
				A2B2F4521FB5F8FE0442D90B /* Config */,
				74989EF4BBA13CFF8527AF9A /* Resources */,
				11968FC60094BE89F1B8595A /* Sources */,
				1CFD8D59826DE43AADFF3DFC /* Tests */,
				9DAF1C78F8C68569E4B4522C /* Products */,
			);
			sourceTree = "<group>";
		};
		74989EF4BBA13CFF8527AF9A /* Resources */ = {
			isa = PBXGroup;
			children = (
				4AE6EBF79EE8648AFE8B15D5 /* Assets.xcassets */,
			);
			path = Resources;
			sourceTree = "<group>";
		};
		9DAF1C78F8C68569E4B4522C /* Products */ = {
			isa = PBXGroup;
			children = (
				ECBDD7FB98454CDD16C8CFAA /* Ganamos.app */,
				EC756DFA1CADCF43E53F6D46 /* GanamosTests.xctest */,
			);
			name = Products;
			sourceTree = "<group>";
		};
		A2B2F4521FB5F8FE0442D90B /* Config */ = {
			isa = PBXGroup;
			children = (
				EDB276D52B12F87FBF7E2CA9 /* Local.xcconfig */,
			);
			path = Config;
			sourceTree = "<group>";
		};
/* End PBXGroup section */

/* Begin PBXNativeTarget section */
		C19BD44D3DF52BF75544CE4A /* Ganamos */ = {
			isa = PBXNativeTarget;
			buildConfigurationList = 6BC18CFAB2F42718CF5A833C /* Build configuration list for PBXNativeTarget "Ganamos" */;
			buildPhases = (
				47564214E1E9E2CE91BC946D /* Sources */,
				55F322CE1C30100D290C5C78 /* Resources */,
			);
			buildRules = (
			);
			dependencies = (
			);
			name = Ganamos;
			packageProductDependencies = (
			);
			productName = Ganamos;
			productReference = ECBDD7FB98454CDD16C8CFAA /* Ganamos.app */;
			productType = "com.apple.product-type.application";
		};
		F6FD79CFB802E0A9D7F7721D /* GanamosTests */ = {
			isa = PBXNativeTarget;
			buildConfigurationList = 3E259E3BC44E10B8CD57E6F9 /* Build configuration list for PBXNativeTarget "GanamosTests" */;
			buildPhases = (
				0E719D76DFD258EAA41AD549 /* Sources */,
			);
			buildRules = (
			);
			dependencies = (
				9C82EEEF149A3D826D9D84D4 /* PBXTargetDependency */,
			);
			name = GanamosTests;
			packageProductDependencies = (
			);
			productName = GanamosTests;
			productReference = EC756DFA1CADCF43E53F6D46 /* GanamosTests.xctest */;
			productType = "com.apple.product-type.bundle.unit-test";
		};
/* End PBXNativeTarget section */

/* Begin PBXProject section */
		89D3BFBB6A66B3267FD84BC0 /* Project object */ = {
			isa = PBXProject;
			attributes = {
				BuildIndependentTargetsInParallel = YES;
				LastUpgradeCheck = 2600;
				TargetAttributes = {
					C19BD44D3DF52BF75544CE4A = {
						DevelopmentTeam = "$(GANAMOS_DEVELOPMENT_TEAM)";
					};
				};
			};
			buildConfigurationList = 6E3796075850FE30981737E2 /* Build configuration list for PBXProject "Ganamos" */;
			developmentRegion = en;
			hasScannedForEncodings = 0;
			knownRegions = (
				Base,
				en,
			);
			mainGroup = 68B93E110770751045DBAB1B;
			minimizedProjectReferenceProxies = 1;
			preferredProjectObjectVersion = 77;
			productRefGroup = 9DAF1C78F8C68569E4B4522C /* Products */;
			projectDirPath = "";
			projectRoot = "";
			targets = (
				C19BD44D3DF52BF75544CE4A /* Ganamos */,
				F6FD79CFB802E0A9D7F7721D /* GanamosTests */,
			);
		};
/* End PBXProject section */

/* Begin PBXResourcesBuildPhase section */
		55F322CE1C30100D290C5C78 /* Resources */ = {
			isa = PBXResourcesBuildPhase;
			buildActionMask = 2147483647;
			files = (
				99F86616D6C431D457A53765 /* Assets.xcassets in Resources */,
			);
			runOnlyForDeploymentPostprocessing = 0;
		};
/* End PBXResourcesBuildPhase section */

/* Begin PBXSourcesBuildPhase section */
		0E719D76DFD258EAA41AD549 /* Sources */ = {
			isa = PBXSourcesBuildPhase;
			buildActionMask = 2147483647;
			files = (
				C095935130AFD1C235240063 /* AppConfigurationTests.swift in Sources */,
			);
			runOnlyForDeploymentPostprocessing = 0;
		};
		47564214E1E9E2CE91BC946D /* Sources */ = {
			isa = PBXSourcesBuildPhase;
			buildActionMask = 2147483647;
			files = (
				5813EBAB0ACE64FE6BE6D241 /* APIClient.swift in Sources */,
				1D1347DFA9757801E3EA262D /* AppConfiguration.swift in Sources */,
				FB87B3FF7060012897027C19 /* DesignSystem.swift in Sources */,
				ED08792AB5F498AF7F1DCBBC /* FeatureViews.swift in Sources */,
				1299F05E249A6F32EA5CF444 /* FeedView.swift in Sources */,
				995AA530FC3613C7AE37687C /* GanamosApp.swift in Sources */,
				87BA130F433942129D3482DA /* KeychainStore.swift in Sources */,
				62552B3EB304617A7069E784 /* LoginView.swift in Sources */,
				948635C12A08C7E5E5393715 /* Models.swift in Sources */,
				A1DF72880BD007BBD80AD426 /* RootView.swift in Sources */,
				8FC648B402AC2B57CDBFA940 /* SessionStore.swift in Sources */,
			);
			runOnlyForDeploymentPostprocessing = 0;
		};
/* End PBXSourcesBuildPhase section */

/* Begin PBXTargetDependency section */
		9C82EEEF149A3D826D9D84D4 /* PBXTargetDependency */ = {
			isa = PBXTargetDependency;
			target = C19BD44D3DF52BF75544CE4A /* Ganamos */;
			targetProxy = 4AADF3600C4E9525FAD6BF27 /* PBXContainerItemProxy */;
		};
/* End PBXTargetDependency section */

/* Begin XCBuildConfiguration section */
		504CF2800F615BAB9BE9D156 /* Debug */ = {
			isa = XCBuildConfiguration;
			baseConfigurationReference = EDB276D52B12F87FBF7E2CA9 /* Local.xcconfig */;
			buildSettings = {
				ASSETCATALOG_COMPILER_APPICON_NAME = AppIcon;
				CODE_SIGN_IDENTITY = "iPhone Developer";
				CODE_SIGN_STYLE = Automatic;
				DEVELOPMENT_TEAM = "$(GANAMOS_DEVELOPMENT_TEAM)";
				INFOPLIST_FILE = Sources/Info.plist;
				LD_RUNPATH_SEARCH_PATHS = (
					"$(inherited)",
					"@executable_path/Frameworks",
				);
				PRODUCT_BUNDLE_IDENTIFIER = "$(GANAMOS_BUNDLE_ID)";
				SDKROOT = iphoneos;
				TARGETED_DEVICE_FAMILY = 1;
			};
			name = Debug;
		};
		599BC23107CE9FCEBD176C90 /* Debug */ = {
			isa = XCBuildConfiguration;
			buildSettings = {
				ALWAYS_SEARCH_USER_PATHS = NO;
				CLANG_ANALYZER_NONNULL = YES;
				CLANG_ANALYZER_NUMBER_OBJECT_CONVERSION = YES_AGGRESSIVE;
				CLANG_CXX_LANGUAGE_STANDARD = "gnu++14";
				CLANG_CXX_LIBRARY = "libc++";
				CLANG_ENABLE_MODULES = YES;
				CLANG_ENABLE_OBJC_ARC = YES;
				CLANG_ENABLE_OBJC_WEAK = YES;
				CLANG_WARN_BLOCK_CAPTURE_AUTORELEASING = YES;
				CLANG_WARN_BOOL_CONVERSION = YES;
				CLANG_WARN_COMMA = YES;
				CLANG_WARN_CONSTANT_CONVERSION = YES;
				CLANG_WARN_DEPRECATED_OBJC_IMPLEMENTATIONS = YES;
				CLANG_WARN_DIRECT_OBJC_ISA_USAGE = YES_ERROR;
				CLANG_WARN_DOCUMENTATION_COMMENTS = YES;
				CLANG_WARN_EMPTY_BODY = YES;
				CLANG_WARN_ENUM_CONVERSION = YES;
				CLANG_WARN_INFINITE_RECURSION = YES;
				CLANG_WARN_INT_CONVERSION = YES;
				CLANG_WARN_NON_LITERAL_NULL_CONVERSION = YES;
				CLANG_WARN_OBJC_IMPLICIT_RETAIN_SELF = YES;
				CLANG_WARN_OBJC_LITERAL_CONVERSION = YES;
				CLANG_WARN_OBJC_ROOT_CLASS = YES_ERROR;
				CLANG_WARN_QUOTED_INCLUDE_IN_FRAMEWORK_HEADER = YES;
				CLANG_WARN_RANGE_LOOP_ANALYSIS = YES;
				CLANG_WARN_STRICT_PROTOTYPES = YES;
				CLANG_WARN_SUSPICIOUS_MOVE = YES;
				CLANG_WARN_UNGUARDED_AVAILABILITY = YES_AGGRESSIVE;
				CLANG_WARN_UNREACHABLE_CODE = YES;
				CLANG_WARN__DUPLICATE_METHOD_MATCH = YES;
				COPY_PHASE_STRIP = NO;
				DEBUG_INFORMATION_FORMAT = dwarf;
				ENABLE_STRICT_OBJC_MSGSEND = YES;
				ENABLE_TESTABILITY = YES;
				GCC_C_LANGUAGE_STANDARD = gnu11;
				GCC_DYNAMIC_NO_PIC = NO;
				GCC_NO_COMMON_BLOCKS = YES;
				GCC_OPTIMIZATION_LEVEL = 0;
				GCC_PREPROCESSOR_DEFINITIONS = (
					"$(inherited)",
					"DEBUG=1",
				);
				GCC_WARN_64_TO_32_BIT_CONVERSION = YES;
				GCC_WARN_ABOUT_RETURN_TYPE = YES_ERROR;
				GCC_WARN_UNDECLARED_SELECTOR = YES;
				GCC_WARN_UNINITIALIZED_AUTOS = YES_AGGRESSIVE;
				GCC_WARN_UNUSED_FUNCTION = YES;
				GCC_WARN_UNUSED_VARIABLE = YES;
				IPHONEOS_DEPLOYMENT_TARGET = 17.0;
				MTL_ENABLE_DEBUG_INFO = INCLUDE_SOURCE;
				MTL_FAST_MATH = YES;
				ONLY_ACTIVE_ARCH = YES;
				PRODUCT_NAME = "$(TARGET_NAME)";
				SDKROOT = iphoneos;
				SWIFT_ACTIVE_COMPILATION_CONDITIONS = DEBUG;
				SWIFT_OPTIMIZATION_LEVEL = "-Onone";
				SWIFT_STRICT_CONCURRENCY = complete;
				SWIFT_VERSION = 6.0;
			};
			name = Debug;
		};
		8AF9BC1F9E20C414C20CC35B /* Release */ = {
			isa = XCBuildConfiguration;
			baseConfigurationReference = EDB276D52B12F87FBF7E2CA9 /* Local.xcconfig */;
			buildSettings = {
				ASSETCATALOG_COMPILER_APPICON_NAME = AppIcon;
				CODE_SIGN_IDENTITY = "Apple Distribution";
				CODE_SIGN_STYLE = Manual;
				DEVELOPMENT_TEAM = "$(GANAMOS_DEVELOPMENT_TEAM)";
				INFOPLIST_FILE = Sources/Info.plist;
				LD_RUNPATH_SEARCH_PATHS = (
					"$(inherited)",
					"@executable_path/Frameworks",
				);
				PRODUCT_BUNDLE_IDENTIFIER = "$(GANAMOS_BUNDLE_ID)";
				PROVISIONING_PROFILE_SPECIFIER = "Ganamos App Store Local";
				SDKROOT = iphoneos;
				TARGETED_DEVICE_FAMILY = 1;
			};
			name = Release;
		};
		8EC4DD9577F2AE381434E423 /* Release */ = {
			isa = XCBuildConfiguration;
			buildSettings = {
				ALWAYS_SEARCH_USER_PATHS = NO;
				CLANG_ANALYZER_NONNULL = YES;
				CLANG_ANALYZER_NUMBER_OBJECT_CONVERSION = YES_AGGRESSIVE;
				CLANG_CXX_LANGUAGE_STANDARD = "gnu++14";
				CLANG_CXX_LIBRARY = "libc++";
				CLANG_ENABLE_MODULES = YES;
				CLANG_ENABLE_OBJC_ARC = YES;
				CLANG_ENABLE_OBJC_WEAK = YES;
				CLANG_WARN_BLOCK_CAPTURE_AUTORELEASING = YES;
				CLANG_WARN_BOOL_CONVERSION = YES;
				CLANG_WARN_COMMA = YES;
				CLANG_WARN_CONSTANT_CONVERSION = YES;
				CLANG_WARN_DEPRECATED_OBJC_IMPLEMENTATIONS = YES;
				CLANG_WARN_DIRECT_OBJC_ISA_USAGE = YES_ERROR;
				CLANG_WARN_DOCUMENTATION_COMMENTS = YES;
				CLANG_WARN_EMPTY_BODY = YES;
				CLANG_WARN_ENUM_CONVERSION = YES;
				CLANG_WARN_INFINITE_RECURSION = YES;
				CLANG_WARN_INT_CONVERSION = YES;
				CLANG_WARN_NON_LITERAL_NULL_CONVERSION = YES;
				CLANG_WARN_OBJC_IMPLICIT_RETAIN_SELF = YES;
				CLANG_WARN_OBJC_LITERAL_CONVERSION = YES;
				CLANG_WARN_OBJC_ROOT_CLASS = YES_ERROR;
				CLANG_WARN_QUOTED_INCLUDE_IN_FRAMEWORK_HEADER = YES;
				CLANG_WARN_RANGE_LOOP_ANALYSIS = YES;
				CLANG_WARN_STRICT_PROTOTYPES = YES;
				CLANG_WARN_SUSPICIOUS_MOVE = YES;
				CLANG_WARN_UNGUARDED_AVAILABILITY = YES_AGGRESSIVE;
				CLANG_WARN_UNREACHABLE_CODE = YES;
				CLANG_WARN__DUPLICATE_METHOD_MATCH = YES;
				COPY_PHASE_STRIP = NO;
				DEBUG_INFORMATION_FORMAT = "dwarf-with-dsym";
				ENABLE_NS_ASSERTIONS = NO;
				ENABLE_STRICT_OBJC_MSGSEND = YES;
				GCC_C_LANGUAGE_STANDARD = gnu11;
				GCC_NO_COMMON_BLOCKS = YES;
				GCC_WARN_64_TO_32_BIT_CONVERSION = YES;
				GCC_WARN_ABOUT_RETURN_TYPE = YES_ERROR;
				GCC_WARN_UNDECLARED_SELECTOR = YES;
				GCC_WARN_UNINITIALIZED_AUTOS = YES_AGGRESSIVE;
				GCC_WARN_UNUSED_FUNCTION = YES;
				GCC_WARN_UNUSED_VARIABLE = YES;
				IPHONEOS_DEPLOYMENT_TARGET = 17.0;
				MTL_ENABLE_DEBUG_INFO = NO;
				MTL_FAST_MATH = YES;
				PRODUCT_NAME = "$(TARGET_NAME)";
				SDKROOT = iphoneos;
				SWIFT_COMPILATION_MODE = wholemodule;
				SWIFT_OPTIMIZATION_LEVEL = "-O";
				SWIFT_STRICT_CONCURRENCY = complete;
				SWIFT_VERSION = 6.0;
			};
			name = Release;
		};
		9E6068CA4D3FA1452B4B9F9B /* Debug */ = {
			isa = XCBuildConfiguration;
			buildSettings = {
				BUNDLE_LOADER = "$(TEST_HOST)";
				GENERATE_INFOPLIST_FILE = YES;
				LD_RUNPATH_SEARCH_PATHS = (
					"$(inherited)",
					"@executable_path/Frameworks",
					"@loader_path/Frameworks",
				);
				PRODUCT_BUNDLE_IDENTIFIER = earth.ganamos.GanamosTests;
				SDKROOT = iphoneos;
				TARGETED_DEVICE_FAMILY = "1,2";
				TEST_HOST = "$(BUILT_PRODUCTS_DIR)/Ganamos.app/Ganamos";
			};
			name = Debug;
		};
		D8BA5B3EF0DF6322EFB06CD9 /* Release */ = {
			isa = XCBuildConfiguration;
			buildSettings = {
				BUNDLE_LOADER = "$(TEST_HOST)";
				GENERATE_INFOPLIST_FILE = YES;
				LD_RUNPATH_SEARCH_PATHS = (
					"$(inherited)",
					"@executable_path/Frameworks",
					"@loader_path/Frameworks",
				);
				PRODUCT_BUNDLE_IDENTIFIER = earth.ganamos.GanamosTests;
				SDKROOT = iphoneos;
				TARGETED_DEVICE_FAMILY = "1,2";
				TEST_HOST = "$(BUILT_PRODUCTS_DIR)/Ganamos.app/Ganamos";
			};
			name = Release;
		};
/* End XCBuildConfiguration section */

/* Begin XCConfigurationList section */
		3E259E3BC44E10B8CD57E6F9 /* Build configuration list for PBXNativeTarget "GanamosTests" */ = {
			isa = XCConfigurationList;
			buildConfigurations = (
				9E6068CA4D3FA1452B4B9F9B /* Debug */,
				D8BA5B3EF0DF6322EFB06CD9 /* Release */,
			);
			defaultConfigurationIsVisible = 0;
			defaultConfigurationName = Debug;
		};
		6BC18CFAB2F42718CF5A833C /* Build configuration list for PBXNativeTarget "Ganamos" */ = {
			isa = XCConfigurationList;
			buildConfigurations = (
				504CF2800F615BAB9BE9D156 /* Debug */,
				8AF9BC1F9E20C414C20CC35B /* Release */,
			);
			defaultConfigurationIsVisible = 0;
			defaultConfigurationName = Debug;
		};
		6E3796075850FE30981737E2 /* Build configuration list for PBXProject "Ganamos" */ = {
			isa = XCConfigurationList;
			buildConfigurations = (
				599BC23107CE9FCEBD176C90 /* Debug */,
				8EC4DD9577F2AE381434E423 /* Release */,
			);
			defaultConfigurationIsVisible = 0;
			defaultConfigurationName = Debug;
		};
/* End XCConfigurationList section */
	};
	rootObject = 89D3BFBB6A66B3267FD84BC0 /* Project object */;
}
